<?xml version="1.0" encoding="utf-8"?>
<Project ToolsVersion="4.0" xmlns="http://schemas.microsoft.com/developer/msbuild/2003">
  <ItemGroup>
    <Filter Include="ソース ファイル">
      <UniqueIdentifier>{4FC737F1-C7A5-4376-A066-2A32D752A2FF}</UniqueIdentifier>
      <Extensions>cpp;c;cc;cxx;c++;cppm;ixx;def;odl;idl;hpj;bat;asm;asmx</Extensions>
    </Filter>
    <Filter Include="ヘッダー ファイル">
      <UniqueIdentifier>{93995380-89BD-4b04-88EB-625FBE52EBFB}</UniqueIdentifier>
      <Extensions>h;hh;hpp;hxx;h++;hm;inl;inc;ipp;xsd</Extensions>
    </Filter>
    <Filter Include="リソース ファイル">
      <UniqueIdentifier>{67DA6AB6-F800-4c08-8B7A-83BB121AAD01}</UniqueIdentifier>
      <Extensions>rc;ico;cur;bmp;dlg;rc2;rct;bin;rgs;gif;jpg;jpeg;jpe;resx;tiff;tif;png;wav;mfcribbon-ms</Extensions>
    </Filter>
    <Filter Include="シェーダーファイル">
      <UniqueIdentifier>{54acfb70-4b85-41a2-be5a-10ad0a6abac4}</UniqueIdentifier>
    </Filter>
    <Filter Include="ソース ファイル\engine">
      <UniqueIdentifier>{c03d5a85-6dc5-4ed2-8ea0-48a3371c4790}</UniqueIdentifier>
    </Filter>
    <Filter Include="ヘッダー ファイル\engine">
      <UniqueIdentifier>{dc99a7a9-c770-4a0e-aeb9-5da30490607d}</UniqueIdentifier>
    </Filter>
    <Filter Include="ヘッダー ファイル\application">
      <UniqueIdentifier>{bc90f596-2c7f-482f-b3e7-07c8efdbd052}</UniqueIdentifier>
    </Filter>
    <Filter Include="ソース ファイル\engine\2d">
      <UniqueIdentifier>{3a9e1d67-2e96-4620-a099-d6e0180c07ed}</UniqueIdentifier>
    </Filter>
    <Filter Include="ソース ファイル\engine\3d">
      <UniqueIdentifier>{29db0978-d111-44db-a964-ad94304004a1}</UniqueIdentifier>
    </Filter>
    <Filter Include="ソース ファイル\engine\audio">
      <UniqueIdentifier>{a19fb02f-b743-4e4b-ae34-935a817143bc}</UniqueIdentifier>
    </Filter>
    <Filter Include="ソース ファイル\engine\base">
      <UniqueIdentifier>{d6a6fcb1-00c1-4ad4-9ba5-e827466ee452}</UniqueIdentifier>
    </Filter>
    <Filter Include="ソース ファイル\engine\io">
      <UniqueIdentifier>{8ea798d0-e474-443b-8440-7f3762c69096}</UniqueIdentifier>
    </Filter>
    <Filter Include="ソース ファイル\engine\math">
      <UniqueIdentifier>{c449608b-f9f5-4305-916c-a252f8fe70c6}</UniqueIdentifier>
    </Filter>
    <Filter Include="ソース ファイル\engine\scene">
      <UniqueIdentifier>{af7ca38d-8461-4a60-9515-f49e8d6b2cce}</UniqueIdentifier>
    </Filter>
    <Filter Include="ヘッダー ファイル\engine\2d">
      <UniqueIdentifier>{be389f96-ff4b-4fec-9a56-e2059f11ea79}</UniqueIdentifier>
    </Filter>
    <Filter Include="ヘッダー ファイル\engine\3d">
      <UniqueIdentifier>{b01de4b2-0e1c-4964-afff-b6d2d86c0638}</UniqueIdentifier>
    </Filter>
    <Filter Include="ヘッダー ファイル\engine\audio">
      <UniqueIdentifier>{c01db1e0-e37f-49b4-8f96-40d94c2ca686}</UniqueIdentifier>
    </Filter>
    <Filter Include="ヘッダー ファイル\engine\base">
      <UniqueIdentifier>{cdb6e78e-cbbe-45b6-bfcd-a105382279c0}</UniqueIdentifier>
    </Filter>
    <Filter Include="ヘッダー ファイル\engine\io">
      <UniqueIdentifier>{1b8165e0-00d4-4cca-855c-524d3e62933a}</UniqueIdentifier>
    </Filter>
    <Filter Include="ヘッダー ファイル\engine\math">
      <UniqueIdentifier>{d149c998-8fbe-4977-be32-f4320891a3be}</UniqueIdentifier>
    </Filter>
    <Filter Include="ヘッダー ファイル\engine\scene">
      <UniqueIdentifier>{ceb05d1d-55d2-4b56-adc5-4862d879fb11}</UniqueIdentifier>
    </Filter>
    <Filter Include="ソース ファイル\engine\manager">
      <UniqueIdentifier>{d67664d4-3d46-4878-800e-03cfa9046deb}</UniqueIdentifier>
    </Filter>
    <Filter Include="ヘッダー ファイル\engine\manager">
      <UniqueIdentifier>{63e00ed5-b026-482d-b9b3-678246b62c67}</UniqueIdentifier>
    </Filter>
    <Filter Include="ソース ファイル\application">
      <UniqueIdentifier>{0ecee62c-e735-43bc-9452-c8e7abb5fa09}</UniqueIdentifier>
    </Filter>
    <Filter Include="ソース ファイル\application\math">
      <UniqueIdentifier>{1aa2e20d-2946-41a8-ad5e-956ab8bda7a6}</UniqueIdentifier>
    </Filter>
    <Filter Include="ソース ファイル\application\manager">
      <UniqueIdentifier>{0724b55d-1a43-406d-831e-44e475188521}</UniqueIdentifier>
    </Filter>
    <Filter Include="ソース ファイル\application\scene">
      <UniqueIdentifier>{a8f02292-5dea-4ef5-8f13-cabd91e94ccb}</UniqueIdentifier>
    </Filter>
    <Filter Include="ヘッダー ファイル\application\math">
      <UniqueIdentifier>{13a4a2c7-d102-4d7d-9463-9ad3eacc97c6}</UniqueIdentifier>
    </Filter>
    <Filter Include="ヘッダー ファイル\application\manager">
      <UniqueIdentifier>{6eaf9440-a4ab-4901-b212-80b2853c214b}</UniqueIdentifier>
    </Filter>
    <Filter Include="ヘッダー ファイル\application\scene">
      <UniqueIdentifier>{f0476172-834b-4880-9e8d-30a0edf56a1e}</UniqueIdentifier>
    </Filter>
    <Filter Include="ソース ファイル\engine\particle">
      <UniqueIdentifier>{7a0df776-b21f-4fb9-b4aa-43628f4b4eda}</UniqueIdentifier>
    </Filter>
    <Filter Include="ヘッダー ファイル\engine\particle">
      <UniqueIdentifier>{4189cd9e-d806-4c51-86e0-322f7119060d}</UniqueIdentifier>
    </Filter>
    <Filter Include="ソース ファイル\engine\collision">
      <UniqueIdentifier>{b8169087-f4ea-496f-bea8-3733f7d46dd6}</UniqueIdentifier>
    </Filter>
    <Filter Include="ヘッダー ファイル\engine\collision">
      <UniqueIdentifier>{34fbbf8b-1a2b-4e0e-b0b5-ef9b845490bc}</UniqueIdentifier>
    </Filter>
    <Filter Include="ソース ファイル\application\3d">
      <UniqueIdentifier>{510cf9cb-ba6d-40e4-8927-5bd8de0042ae}</UniqueIdentifier>
    </Filter>
    <Filter Include="ヘッダー ファイル\application\3d">
      <UniqueIdentifier>{39d7f7f8-f6ae-4ffb-8dbc-23584494a65a}</UniqueIdentifier>
    </Filter>
    <Filter Include="ソース ファイル\engine\debug">
      <UniqueIdentifier>{a60f329c-f917-40b0-bc9d-085c8887bc0a}</UniqueIdentifier>
    </Filter>
    <Filter Include="ヘッダー ファイル\engine\debug">
      <UniqueIdentifier>{d4774140-581e-46dd-86e9-5c001333ea17}</UniqueIdentifier>
    </Filter>
  </ItemGroup>
  <ItemGroup>
    <ClCompile Include="engine\2d\Sprite.cpp">
      <Filter>ソース ファイル\engine\2d</Filter>
    </ClCompile>
    <ClCompile Include="engine\3d\Model.cpp">
      <Filter>ソース ファイル\engine\3d</Filter>
    </ClCompile>
    <ClCompile Include="engine\3d\Object3d.cpp">
      <Filter>ソース ファイル\engine\3d</Filter>
    </ClCompile>
    <ClCompile Include="engine\base\DirectXCommon.cpp">
      <Filter>ソース ファイル\engine\base</Filter>
    </ClCompile>
    <ClCompile Include="engine\base\WinApp.cpp">
      <Filter>ソース ファイル\engine\base</Filter>
    </ClCompile>
    <ClCompile Include="engine\io\Input.cpp">
      <Filter>ソース ファイル\engine\io</Filter>
    </ClCompile>
    <ClCompile Include="engine\math\Matrix4x4.cpp">
      <Filter>ソース ファイル\engine\math</Filter>
    </ClCompile>
    <ClCompile Include="engine\math\Vector2.cpp">
      <Filter>ソース ファイル\engine\math</Filter>
    </ClCompile>
    <ClCompile Include="engine\math\Vector3.cpp">
      <Filter>ソース ファイル\engine\math</Filter>
    </ClCompile>
    <ClCompile Include="engine\math\Vector4.cpp">
      <Filter>ソース ファイル\engine\math</Filter>
    </ClCompile>
    <ClCompile Include="engine\3d\ModelManager.cpp">
      <Filter>ソース ファイル\engine\manager</Filter>
    </ClCompile>
    <ClCompile Include="engine\manager\TextureManager.cpp">
      <Filter>ソース ファイル\engine\manager</Filter>
    </ClCompile>
    <ClCompile Include="engine\3d\Camera.cpp">
      <Filter>ソース ファイル\engine\3d</Filter>
    </ClCompile>
    <ClCompile Include="engine\manager\CameraManager.cpp">
      <Filter>ソース ファイル\engine\manager</Filter>
    </ClCompile>
    <ClCompile Include="engine\manager\SrvManager.cpp">
      <Filter>ソース ファイル\engine\manager</Filter>
    </ClCompile>
    <ClCompile Include="application\scene\MyGame.cpp">
      <Filter>ソース ファイル\application\scene</Filter>
    </ClCompile>
    <ClCompile Include="engine\scene\AbstractSceneFactory.cpp">
      <Filter>ソース ファイル\engine\scene</Filter>
    </ClCompile>
    <ClCompile Include="application\scene\BaseScene.cpp">
      <Filter>ソース ファイル\application\scene</Filter>
    </ClCompile>
    <ClCompile Include="application\scene\GameScene.cpp">
      <Filter>ソース ファイル\application\scene</Filter>
    </ClCompile>
    <ClCompile Include="application\scene\TitleScene.cpp">
      <Filter>ソース ファイル\application\scene</Filter>
    </ClCompile>
    <ClCompile Include="application\scene\SceneFactory.cpp">
      <Filter>ソース ファイル\application\scene</Filter>
    </ClCompile>
    <ClCompile Include="engine\scene\SceneManager.cpp">
      <Filter>ソース ファイル\engine\scene</Filter>
    </ClCompile>
    <ClCompile Include="engine\particle\ParticleEmitter.cpp">
      <Filter>ソース ファイル\engine\particle</Filter>
    </ClCompile>
    <ClCompile Include="engine\particle\ParticleManager.cpp">
      <Filter>ソース ファイル\engine\particle</Filter>
    </ClCompile>
    <ClCompile Include="engine\math\Easing.cpp">
      <Filter>ソース ファイル\engine\math</Filter>
    </ClCompile>
    <ClCompile Include="engine\collision\Collider.cpp">
      <Filter>ソース ファイル\engine\collision</Filter>
    </ClCompile>
    <ClCompile Include="engine\collision\Collision.cpp">
      <Filter>ソース ファイル\engine\collision</Filter>
    </ClCompile>
    <ClCompile Include="engine\collision\CollisionManager.cpp">
      <Filter>ソース ファイル\engine\collision</Filter>
    </ClCompile>
    <ClCompile Include="engine\collision\ContactRecord.cpp">
      <Filter>ソース ファイル\engine\collision</Filter>
    </ClCompile>
    <ClCompile Include="application\3d\AccelerationField.cpp">
      <Filter>ソース ファイル\application\3d</Filter>
    </ClCompile>
    <ClCompile Include="engine\scene\Framework.cpp">
      <Filter>ソース ファイル\engine\scene</Filter>
    </ClCompile>
    <ClCompile Include="engine\audio\AudioManager.cpp">
      <Filter>ソース ファイル\engine\audio</Filter>
    </ClCompile>
    <ClCompile Include="engine\debug\ImGuiManager.cpp">
      <Filter>ソース ファイル\engine\debug</Filter>
    </ClCompile>
    <ClCompile Include="engine\debug\D3DResourceLeakChecker.cpp">
      <Filter>ソース ファイル\engine\debug</Filter>
    </ClCompile>
    <ClCompile Include="engine\debug\GlobalVariables.cpp">
      <Filter>ソース ファイル\engine\debug</Filter>
    </ClCompile>
    <ClCompile Include="engine\debug\Logger.cpp">
      <Filter>ソース ファイル\engine\debug</Filter>
    </ClCompile>
    <ClCompile Include="engine\debug\StringUtility.cpp">
      <Filter>ソース ファイル\engine\debug</Filter>
    </ClCompile>
    <ClCompile Include="engine\manager\LightManager.cpp">
      <Filter>ソース ファイル\engine\manager</Filter>
    </ClCompile>
    <ClCompile Include="main.cpp">
      <Filter>ソース ファイル</Filter>
    </ClCompile>
    <ClCompile Include="engine\3d\ModelPipeline.cpp">
      <Filter>ソース ファイル\engine\3d</Filter>
    </ClCompile>
    <ClCompile Include="engine\base\BasePipeline.cpp">
      <Filter>ソース ファイル\engine\base</Filter>
    </ClCompile>
    <ClCompile Include="engine\base\BlendMode.cpp">
      <Filter>ソース ファイル\engine\base</Filter>
    </ClCompile>
    <ClCompile Include="engine\base\PipelineManager.cpp">
      <Filter>ソース ファイル\engine\base</Filter>
    </ClCompile>
    <ClCompile Include="engine\2d\SpritePipeline.cpp">
      <Filter>ソース ファイル\engine\2d</Filter>
    </ClCompile>
    <ClCompile Include="engine\particle\ParticlePipeline.cpp">
      <Filter>ソース ファイル\engine\particle</Filter>
    </ClCompile>
  </ItemGroup>
  <ItemGroup>
    <ClInclude Include="engine\2d\Sprite.h">
      <Filter>ヘッダー ファイル\engine\2d</Filter>
    </ClInclude>
    <ClInclude Include="engine\3d\Model.h">
      <Filter>ヘッダー ファイル\engine\3d</Filter>
    </ClInclude>
    <ClInclude Include="engine\3d\Object3d.h">
      <Filter>ヘッダー ファイル\engine\3d</Filter>
    </ClInclude>
    <ClInclude Include="engine\base\DirectXCommon.h">
      <Filter>ヘッダー ファイル\engine\base</Filter>
    </ClInclude>
    <ClInclude Include="engine\base\WinApp.h">
      <Filter>ヘッダー ファイル\engine\base</Filter>
    </ClInclude>
    <ClInclude Include="engine\io\Input.h">
      <Filter>ヘッダー ファイル\engine\io</Filter>
    </ClInclude>
    <ClInclude Include="engine\math\Matrix4x4.h">
      <Filter>ヘッダー ファイル\engine\math</Filter>
    </ClInclude>
    <ClInclude Include="engine\math\Vector2.h">
      <Filter>ヘッダー ファイル\engine\math</Filter>
    </ClInclude>
    <ClInclude Include="engine\math\Vector3.h">
      <Filter>ヘッダー ファイル\engine\math</Filter>
    </ClInclude>
    <ClInclude Include="engine\math\Vector4.h">
      <Filter>ヘッダー ファイル\engine\math</Filter>
    </ClInclude>
    <ClInclude Include="engine\3d\ModelManager.h">
      <Filter>ヘッダー ファイル\engine\manager</Filter>
    </ClInclude>
    <ClInclude Include="engine\manager\TextureManager.h">
      <Filter>ヘッダー ファイル\engine\manager</Filter>
    </ClInclude>
    <ClInclude Include="engine\3d\Camera.h">
      <Filter>ヘッダー ファイル\engine\3d</Filter>
    </ClInclude>
    <ClInclude Include="engine\manager\CameraManager.h">
      <Filter>ヘッダー ファイル\engine\manager</Filter>
    </ClInclude>
    <ClInclude Include="engine\manager\SrvManager.h">
      <Filter>ヘッダー ファイル\engine\manager</Filter>
    </ClInclude>
    <ClInclude Include="application\scene\BaseScene.h">
      <Filter>ヘッダー ファイル\application\scene</Filter>
    </ClInclude>
    <ClInclude Include="application\scene\GameScene.h">
      <Filter>ヘッダー ファイル\application\scene</Filter>
    </ClInclude>
    <ClInclude Include="application\scene\TitleScene.h">
      <Filter>ヘッダー ファイル\application\scene</Filter>
    </ClInclude>
    <ClInclude Include="engine\scene\AbstractSceneFactory.h">
      <Filter>ヘッダー ファイル\engine\scene</Filter>
    </ClInclude>
    <ClInclude Include="application\scene\MyGame.h">
      <Filter>ヘッダー ファイル\application\scene</Filter>
    </ClInclude>
    <ClInclude Include="application\scene\SceneFactory.h">
      <Filter>ヘッダー ファイル\application\scene</Filter>
    </ClInclude>
    <ClInclude Include="engine\scene\SceneManager.h">
      <Filter>ヘッダー ファイル\engine\scene</Filter>
    </ClInclude>
    <ClInclude Include="engine\particle\ParticleEmitter.h">
      <Filter>ヘッダー ファイル\engine\particle</Filter>
    </ClInclude>
    <ClInclude Include="engine\particle\ParticleManager.h">
      <Filter>ヘッダー ファイル\engine\particle</Filter>
    </ClInclude>
    <ClInclude Include="engine\math\Easing.h">
      <Filter>ヘッダー ファイル\engine\math</Filter>
    </ClInclude>
    <ClInclude Include="engine\collision\Collider.h">
      <Filter>ヘッダー ファイル\engine\collision</Filter>
    </ClInclude>
    <ClInclude Include="engine\collision\Collision.h">
      <Filter>ヘッダー ファイル\engine\collision</Filter>
    </ClInclude>
    <ClInclude Include="engine\collision\CollisionManager.h">
      <Filter>ヘッダー ファイル\engine\collision</Filter>
    </ClInclude>
    <ClInclude Include="engine\collision\CollisionTypeIdDef.h">
      <Filter>ヘッダー ファイル\engine\collision</Filter>
    </ClInclude>
    <ClInclude Include="engine\collision\ContactRecord.h">
      <Filter>ヘッダー ファイル\engine\collision</Filter>
    </ClInclude>
    <ClInclude Include="application\3d\AccelerationField.h">
      <Filter>ヘッダー ファイル\application\3d</Filter>
    </ClInclude>
    <ClInclude Include="engine\scene\Framework.h">
      <Filter>ヘッダー ファイル\engine\scene</Filter>
    </ClInclude>
    <ClInclude Include="engine\debug\GlobalVariables.h">
      <Filter>ヘッダー ファイル\engine\debug</Filter>
    </ClInclude>
    <ClInclude Include="engine\debug\D3DResourceLeakChecker.h">
      <Filter>ヘッダー ファイル\engine\debug</Filter>
    </ClInclude>
    <ClInclude Include="engine\debug\Logger.h">
      <Filter>ヘッダー ファイル\engine\debug</Filter>
    </ClInclude>
    <ClInclude Include="engine\debug\StringUtility.h">
      <Filter>ヘッダー ファイル\engine\debug</Filter>
    </ClInclude>
    <ClInclude Include="engine\audio\AudioManager.h">
      <Filter>ヘッダー ファイル\engine\audio</Filter>
    </ClInclude>
    <ClInclude Include="engine\debug\ImGuiManager.h">
      <Filter>ヘッダー ファイル\engine\debug</Filter>
    </ClInclude>
    <ClInclude Include="engine\manager\LightManager.h">
      <Filter>ヘッダー ファイル\engine\manager</Filter>
    </ClInclude>
    <ClInclude Include="engine\3d\ModelPipeline.h">
      <Filter>ヘッダー ファイル\engine\3d</Filter>
    </ClInclude>
    <ClInclude Include="engine\base\BasePipeline.h">
      <Filter>ヘッダー ファイル\engine\base</Filter>
    </ClInclude>
    <ClInclude Include="engine\base\BlendMode.h">
      <Filter>ヘッダー ファイル\engine\base</Filter>
    </ClInclude>
    <ClInclude Include="engine\base\PipelineManager.h">
      <Filter>ヘッダー ファイル\engine\base</Filter>
    </ClInclude>
    <ClInclude Include="engine\2d\SpritePipeline.h">
      <Filter>ヘッダー ファイル\engine\2d</Filter>
    </ClInclude>
    <ClInclude Include="engine\particle\ParticlePipeline.h">
      <Filter>ヘッダー ファイル\engine\particle</Filter>
    </ClInclude>
  </ItemGroup>
  <ItemGroup>
    <None Include="Resources\shaders\Object3d.hlsli">
      <Filter>シェーダーファイル</Filter>
    </None>
    <None Include="resources\shaders\Particle.hlsli">
      <Filter>シェーダーファイル</Filter>
    </None>
    <None Include="resources\shaders\Sprite.hlsli">
      <Filter>シェーダーファイル</Filter>
    </None>
  </ItemGroup>
  <ItemGroup>
    <FxCompile Include="Resources\shaders\Object3d.PS.hlsl">
      <Filter>シェーダーファイル</Filter>
    </FxCompile>
    <FxCompile Include="Resources\shaders\Object3d.VS.hlsl">
      <Filter>シェーダーファイル</Filter>
    </FxCompile>
    <FxCompile Include="resources\shaders\Particle.PS.hlsl">
      <Filter>シェーダーファイル</Filter>
    </FxCompile>
    <FxCompile Include="resources\shaders\Particle.VS.hlsl">
      <Filter>シェーダーファイル</Filter>
    </FxCompile>
    <FxCompile Include="resources\shaders\Sprite.PS.hlsl">
      <Filter>シェーダーファイル</Filter>
    </FxCompile>
    <FxCompile Include="resources\shaders\Sprite.VS.hlsl">
      <Filter>シェーダーファイル</Filter>
    </FxCompile>
  </ItemGroup>
</Project>